// !$*UTF8*$!
{
	archiveVersion = 1;
	classes = {
	};
	objectVersion = 46;
	objects = {

/* Begin PBXBuildFile section */
		AAAB61841DEF791F00A5B27A /* AppDelegate.swift in Sources */ = {isa = PBXBuildFile; fileRef = AAAB61831DEF791F00A5B27A /* AppDelegate.swift */; };
		AAAB61861DEF791F00A5B27A /* ViewController.swift in Sources */ = {isa = PBXBuildFile; fileRef = AAAB61851DEF791F00A5B27A /* ViewController.swift */; };
		AAAB61891DEF791F00A5B27A /* Main.storyboard in Resources */ = {isa = PBXBuildFile; fileRef = AAAB61871DEF791F00A5B27A /* Main.storyboard */; };
		AAAB618C1DEF792000A5B27A /* git_test_2.xcdatamodeld in Sources */ = {isa = PBXBuildFile; fileRef = AAAB618A1DEF792000A5B27A /* git_test_2.xcdatamodeld */; };
		AAAB618E1DEF792000A5B27A /* Assets.xcassets in Resources */ = {isa = PBXBuildFile; fileRef = AAAB618D1DEF792000A5B27A /* Assets.xcassets */; };
		AAAB61911DEF792000A5B27A /* LaunchScreen.storyboard in Resources */ = {isa = PBXBuildFile; fileRef = AAAB618F1DEF792000A5B27A /* LaunchScreen.storyboard */; };
/* End PBXBuildFile section */

/* Begin PBXFileReference section */
		AAAB61801DEF791E00A5B27A /* git-test-2.app */ = {isa = PBXFileReference; explicitFileType = wrapper.application; includeInIndex = 0; path = "git-test-2.app"; sourceTree = BUILT_PRODUCTS_DIR; };
		AAAB61831DEF791F00A5B27A /* AppDelegate.swift */ = {isa = PBXFileReference; lastKnownFileType = sourcecode.swift; path = AppDelegate.swift; sourceTree = "<group>"; };
		AAAB61851DEF791F00A5B27A /* ViewController.swift */ = {isa = PBXFileReference; lastKnownFileType = sourcecode.swift; path = ViewController.swift; sourceTree = "<group>"; };
		AAAB61881DEF791F00A5B27A /* Base */ = {isa = PBXFileReference; lastKnownFileType = file.storyboard; name = Base; path = Base.lproj/Main.storyboard; sourceTree = "<group>"; };
		AAAB618B1DEF792000A5B27A /* git_test_2.xcdatamodel */ = {isa = PBXFileReference; lastKnownFileType = wrapper.xcdatamodel; path = git_test_2.xcdatamodel; sourceTree = "<group>"; };
		AAAB618D1DEF792000A5B27A /* Assets.xcassets */ = {isa = PBXFileReference; lastKnownFileType = folder.assetcatalog; path = Assets.xcassets; sourceTree = "<group>"; };
		AAAB61901DEF792000A5B27A /* Base */ = {isa = PBXFileReference; lastKnownFileType = file.storyboard; name = Base; path = Base.lproj/LaunchScreen.storyboard; sourceTree = "<group>"; };
		AAAB61921DEF792000A5B27A /* Info.plist */ = {isa = PBXFileReference; lastKnownFileType = text.plist.xml; path = Info.plist; sourceTree = "<group>"; };
/* End PBXFileReference section */

/* Begin PBXFrameworksBuildPhase section */
		AAAB617D1DEF791E00A5B27A /* Frameworks */ = {
			isa = PBXFrameworksBuildPhase;
			buildActionMask = 2147483647;
			files = (
			);
			runOnlyForDeploymentPostprocessing = 0;
		};
/* End PBXFrameworksBuildPhase section */

/* Begin PBXGroup section */
		AAAB61771DEF791D00A5B27A = {
			isa = PBXGroup;
			children = (
				AAAB61821DEF791E00A5B27A /* git-test-2 */,
				AAAB61811DEF791E00A5B27A /* Products */,
			);
			sourceTree = "<group>";
		};
		AAAB61811DEF791E00A5B27A /* Products */ = {
			isa = PBXGroup;
			children = (
				AAAB61801DEF791E00A5B27A /* git-test-2.app */,
			);
			name = Products;
			sourceTree = "<group>";
		};
		AAAB61821DEF791E00A5B27A /* git-test-2 */ = {
			isa = PBXGroup;
			children = (
				AAAB61831DEF791F00A5B27A /* AppDelegate.swift */,
				AAAB61851DEF791F00A5B27A /* ViewController.swift */,
				AAAB61871DEF791F00A5B27A /* Main.storyboard */,
				AAAB618D1DEF792000A5B27A /* Assets.xcassets */,
				AAAB618F1DEF792000A5B27A /* LaunchScreen.storyboard */,
				AAAB61921DEF792000A5B27A /* Info.plist */,
				AAAB618A1DEF792000A5B27A /* git_test_2.xcdatamodeld */,
			);
			path = "git-test-2";
			sourceTree = "<group>";
		};
/* End PBXGroup section */

/* Begin PBXNativeTarget section */
		AAAB617F1DEF791E00A5B27A /* git-test-2 */ = {
			isa = PBXNativeTarget;
			buildConfigurationList = AAAB61951DEF792000A5B27A /* Build configuration list for PBXNativeTarget "git-test-2" */;
			buildPhases = (
				AAAB617C1DEF791E00A5B27A /* Sources */,
				AAAB617D1DEF791E00A5B27A /* Frameworks */,
				AAAB617E1DEF791E00A5B27A /* Resources */,
			);
			buildRules = (
			);
			dependencies = (
			);
			name = "git-test-2";
			productName = "git-test-2";
			productReference = AAAB61801DEF791E00A5B27A /* git-test-2.app */;
			productType = "com.apple.product-type.application";
		};
/* End PBXNativeTarget section */

/* Begin PBXProject section */
		AAAB61781DEF791E00A5B27A /* Project object */ = {
			isa = PBXProject;
			attributes = {
				LastSwiftUpdateCheck = 0810;
				LastUpgradeCheck = 0810;
				ORGANIZATIONNAME = "Łukasz Klimkiewicz";
				TargetAttributes = {
					AAAB617F1DEF791E00A5B27A = {
						CreatedOnToolsVersion = 8.1;
						ProvisioningStyle = Automatic;
					};
				};
			};
			buildConfigurationList = AAAB617B1DEF791E00A5B27A /* Build configuration list for PBXProject "git-test-2" */;
			compatibilityVersion = "Xcode 3.2";
			developmentRegion = English;
			hasScannedForEncodings = 0;
			knownRegions = (
				en,
				Base,
			);
			mainGroup = AAAB61771DEF791D00A5B27A;
			productRefGroup = AAAB61811DEF791E00A5B27A /* Products */;
			projectDirPath = "";
			projectRoot = "";
			targets = (
				AAAB617F1DEF791E00A5B27A /* git-test-2 */,
			);
		};
/* End PBXProject section */

/* Begin PBXResourcesBuildPhase section */
		AAAB617E1DEF791E00A5B27A /* Resources */ = {
			isa = PBXResourcesBuildPhase;
			buildActionMask = 2147483647;
			files = (
				AAAB61911DEF792000A5B27A /* LaunchScreen.storyboard in Resources */,
				AAAB618E1DEF792000A5B27A /* Assets.xcassets in Resources */,
				AAAB61891DEF791F00A5B27A /* Main.storyboard in Resources */,
			);
			runOnlyForDeploymentPostprocessing = 0;
		};
/* End PBXResourcesBuildPhase section */

/* Begin PBXSourcesBuildPhase section */
		AAAB617C1DEF791E00A5B27A /* Sources */ = {
			isa = PBXSourcesBuildPhase;
			buildActionMask = 2147483647;
			files = (
				AAAB618C1DEF792000A5B27A /* git_test_2.xcdatamodeld in Sources */,
				AAAB61861DEF791F00A5B27A /* ViewController.swift in Sources */,
				AAAB61841DEF791F00A5B27A /* AppDelegate.swift in Sources */,
			);
			runOnlyForDeploymentPostprocessing = 0;
		};
/* End PBXSourcesBuildPhase section */

/* Begin PBXVariantGroup section */
		AAAB61871DEF791F00A5B27A /* Main.storyboard */ = {
			isa = PBXVariantGroup;
			children = (
				AAAB61881DEF791F00A5B27A /* Base */,
			);
			name = Main.storyboard;
			sourceTree = "<group>";
		};
		AAAB618F1DEF792000A5B27A /* LaunchScreen.storyboard */ = {
			isa = PBXVariantGroup;
			children = (
				AAAB61901DEF792000A5B27A /* Base */,
			);
			name = LaunchScreen.storyboard;
			sourceTree = "<group>";
		};
/* End PBXVariantGroup section */

/* Begin XCBuildConfiguration section */
		AAAB61931DEF792000A5B27A /* Debug */ = {
			isa = XCBuildConfiguration;
			buildSettings = {
				ALWAYS_SEARCH_USER_PATHS = NO;
				CLANG_ANALYZER_NONNULL = YES;
				CLANG_CXX_LANGUAGE_STANDARD = "gnu++0x";
				CLANG_CXX_LIBRARY = "libc++";
				CLANG_ENABLE_MODULES = YES;
				CLANG_ENABLE_OBJC_ARC = YES;
				CLANG_WARN_BOOL_CONVERSION = YES;
				CLANG_WARN_CONSTANT_CONVERSION = YES;
				CLANG_WARN_DIRECT_OBJC_ISA_USAGE = YES_ERROR;
				CLANG_WARN_DOCUMENTATION_COMMENTS = YES;
				CLANG_WARN_EMPTY_BODY = YES;
				CLANG_WARN_ENUM_CONVERSION = YES;
				CLANG_WARN_INFINITE_RECURSION = YES;
				CLANG_WARN_INT_CONVERSION = YES;
				CLANG_WARN_OBJC_ROOT_CLASS = YES_ERROR;
				CLANG_WARN_SUSPICIOUS_MOVES = YES;
				CLANG_WARN_UNREACHABLE_CODE = YES;
				CLANG_WARN__DUPLICATE_METHOD_MATCH = YES;
				"CODE_SIGN_IDENTITY[sdk=iphoneos*]" = "iPhone Developer";
				COPY_PHASE_STRIP = NO;
				DEBUG_INFORMATION_FORMAT = dwarf;
				ENABLE_STRICT_OBJC_MSGSEND = YES;
				ENABLE_TESTABILITY = YES;
				GCC_C_LANGUAGE_STANDARD = gnu99;
				GCC_DYNAMIC_NO_PIC = NO;
				GCC_NO_COMMON_BLOCKS = YES;
				GCC_OPTIMIZATION_LEVEL = 0;
				GCC_PREPROCESSOR_DEFINITIONS = (
					"DEBUG=1",
					"$(inherited)",
				);
				GCC_WARN_64_TO_32_BIT_CONVERSION = YES;
				GCC_WARN_ABOUT_RETURN_TYPE = YES_ERROR;
				GCC_WARN_UNDECLARED_SELECTOR = YES;
				GCC_WARN_UNINITIALIZED_AUTOS = YES_AGGRESSIVE;
				GCC_WARN_UNUSED_FUNCTION = YES;
				GCC_WARN_UNUSED_VARIABLE = YES;
				IPHONEOS_DEPLOYMENT_TARGET = 10.1;
				MTL_ENABLE_DEBUG_INFO = YES;
				ONLY_ACTIVE_ARCH = YES;
				SDKROOT = iphoneos;
				SWIFT_ACTIVE_COMPILATION_CONDITIONS = DEBUG;
				SWIFT_OPTIMIZATION_LEVEL = "-Onone";
				TARGETED_DEVICE_FAMILY = "1,2";
			};
			name = Debug;
		};
		AAAB61941DEF792000A5B27A /* Release */ = {
			isa = XCBuildConfiguration;
			buildSettings = {
				ALWAYS_SEARCH_USER_PATHS = NO;
				CLANG_ANALYZER_NONNULL = YES;
				CLANG_CXX_LANGUAGE_STANDARD = "gnu++0x";
				CLANG_CXX_LIBRARY = "libc++";
				CLANG_ENABLE_MODULES = YES;
				CLANG_ENABLE_OBJC_ARC = YES;
				CLANG_WARN_BOOL_CONVERSION = YES;
				CLANG_WARN_CONSTANT_CONVERSION = YES;
				CLANG_WARN_DIRECT_OBJC_ISA_USAGE = YES_ERROR;
				CLANG_WARN_DOCUMENTATION_COMMENTS = YES;
				CLANG_WARN_EMPTY_BODY = YES;
				CLANG_WARN_ENUM_CONVERSION = YES;
				CLANG_WARN_INFINITE_RECURSION = YES;
				CLANG_WARN_INT_CONVERSION = YES;
				CLANG_WARN_OBJC_ROOT_CLASS = YES_ERROR;
				CLANG_WARN_SUSPICIOUS_MOVES = YES;
				CLANG_WARN_UNREACHABLE_CODE = YES;
				CLANG_WARN__DUPLICATE_METHOD_MATCH = YES;
				"CODE_SIGN_IDENTITY[sdk=iphoneos*]" = "iPhone Developer";
				COPY_PHASE_STRIP = NO;
				DEBUG_INFORMATION_FORMAT = "dwarf-with-dsym";
				ENABLE_NS_ASSERTIONS = NO;
				ENABLE_STRICT_OBJC_MSGSEND = YES;
				GCC_C_LANGUAGE_STANDARD = gnu99;
				GCC_NO_COMMON_BLOCKS = YES;
				GCC_WARN_64_TO_32_BIT_CONVERSION = YES;
				GCC_WARN_ABOUT_RETURN_TYPE = YES_ERROR;
				GCC_WARN_UNDECLARED_SELECTOR = YES;
				GCC_WARN_UNINITIALIZED_AUTOS = YES_AGGRESSIVE;
				GCC_WARN_UNUSED_FUNCTION = YES;
				GCC_WARN_UNUSED_VARIABLE = YES;
				IPHONEOS_DEPLOYMENT_TARGET = 10.1;
				MTL_ENABLE_DEBUG_INFO = NO;
				SDKROOT = iphoneos;
				SWIFT_OPTIMIZATION_LEVEL = "-Owholemodule";
				TARGETED_DEVICE_FAMILY = "1,2";
				VALIDATE_PRODUCT = YES;
			};
			name = Release;
		};
		AAAB61961DEF792000A5B27A /* Debug */ = {
			isa = XCBuildConfiguration;
			buildSettings = {
				ASSETCATALOG_COMPILER_APPICON_NAME = AppIcon;
				INFOPLIST_FILE = "git-test-2/Info.plist";
				LD_RUNPATH_SEARCH_PATHS = "$(inherited) @executable_path/Frameworks";
				PRODUCT_BUNDLE_IDENTIFIER = "com.lukaszklimkiewicz.git-test-2";
				PRODUCT_NAME = "$(TARGET_NAME)";
				SWIFT_VERSION = 3.0;
			};
			name = Debug;
		};
		AAAB61971DEF792000A5B27A /* Release */ = {
			isa = XCBuildConfiguration;
			buildSettings = {
				ASSETCATALOG_COMPILER_APPICON_NAME = AppIcon;
				INFOPLIST_FILE = "git-test-2/Info.plist";
				LD_RUNPATH_SEARCH_PATHS = "$(inherited) @executable_path/Frameworks";
				PRODUCT_BUNDLE_IDENTIFIER = "com.lukaszklimkiewicz.git-test-2";
				PRODUCT_NAME = "$(TARGET_NAME)";
				SWIFT_VERSION = 3.0;
			};
			name = Release;
		};
/* End XCBuildConfiguration section */

/* Begin XCConfigurationList section */
		AAAB617B1DEF791E00A5B27A /* Build configuration list for PBXProject "git-test-2" */ = {
			isa = XCConfigurationList;
			buildConfigurations = (
				AAAB61931DEF792000A5B27A /* Debug */,
				AAAB61941DEF792000A5B27A /* Release */,
			);
			defaultConfigurationIsVisible = 0;
			defaultConfigurationName = Release;
		};
		AAAB61951DEF792000A5B27A /* Build configuration list for PBXNativeTarget "git-test-2" */ = {
			isa = XCConfigurationList;
			buildConfigurations = (
				AAAB61961DEF792000A5B27A /* Debug */,
				AAAB61971DEF792000A5B27A /* Release */,
			);
			defaultConfigurationIsVisible = 0;
		};
/* End XCConfigurationList section */

/* Begin XCVersionGroup section */
		AAAB618A1DEF792000A5B27A /* git_test_2.xcdatamodeld */ = {
			isa = XCVersionGroup;
			children = (
				AAAB618B1DEF792000A5B27A /* git_test_2.xcdatamodel */,
			);
			currentVersion = AAAB618B1DEF792000A5B27A /* git_test_2.xcdatamodel */;
			path = git_test_2.xcdatamodeld;
			sourceTree = "<group>";
			versionGroupType = wrapper.xcdatamodel;
		};
/* End XCVersionGroup section */
	};
	rootObject = AAAB61781DEF791E00A5B27A /* Project object */;
}
